// !$*UTF8*$!
{
	archiveVersion = 1;
	classes = {
	};
	objectVersion = 56;
	objects = {

/* Begin PBXBuildFile section */
		E70A7AB42C076D0400E688AE /* TrackerViewCell.swift in Sources */ = {isa = PBXBuildFile; fileRef = E70A7AB32C076D0400E688AE /* TrackerViewCell.swift */; };
		E70A7AB62C0987A400E688AE /* MainHeaderCollectionView.swift in Sources */ = {isa = PBXBuildFile; fileRef = E70A7AB52C0987A400E688AE /* MainHeaderCollectionView.swift */; };
		E71F9DC82BFD666F003FFFA4 /* AddNewCategoryViewController.swift in Sources */ = {isa = PBXBuildFile; fileRef = E71F9DC72BFD666F003FFFA4 /* AddNewCategoryViewController.swift */; };
		E71F9DCA2BFD6A0E003FFFA4 /* CreateCategoryViewController.swift in Sources */ = {isa = PBXBuildFile; fileRef = E71F9DC92BFD6A0E003FFFA4 /* CreateCategoryViewController.swift */; };
		E7266BC42BFBE7D00022E378 /* Weekday.swift in Sources */ = {isa = PBXBuildFile; fileRef = E7266BC32BFBE7D00022E378 /* Weekday.swift */; };
		E73652372BFFF38C0001D8F6 /* CategoryViewControllerProtocol.swift in Sources */ = {isa = PBXBuildFile; fileRef = E73652362BFFF38C0001D8F6 /* CategoryViewControllerProtocol.swift */; };
		E73652392C000B3E0001D8F6 /* NewCategoryTableViewCell.swift in Sources */ = {isa = PBXBuildFile; fileRef = E73652382C000B3E0001D8F6 /* NewCategoryTableViewCell.swift */; };
		E736523D2C043AC00001D8F6 /* ScheduleDay.swift in Sources */ = {isa = PBXBuildFile; fileRef = E736523C2C043AC00001D8F6 /* ScheduleDay.swift */; };
		E746406C2BEE9CF80028826D /* Tracker.swift in Sources */ = {isa = PBXBuildFile; fileRef = E746406B2BEE9CF80028826D /* Tracker.swift */; };
		E746406E2BEE9D070028826D /* TrackerCategory.swift in Sources */ = {isa = PBXBuildFile; fileRef = E746406D2BEE9D070028826D /* TrackerCategory.swift */; };
		E74640702BEE9D140028826D /* TrackerRecord.swift in Sources */ = {isa = PBXBuildFile; fileRef = E746406F2BEE9D140028826D /* TrackerRecord.swift */; };
		E74640722BEE9DE60028826D /* TrackerSchedule.swift in Sources */ = {isa = PBXBuildFile; fileRef = E74640712BEE9DE60028826D /* TrackerSchedule.swift */; };
		E762A2342BFDE5DB009BA621 /* AddNewTrackerScheduleViewController.swift in Sources */ = {isa = PBXBuildFile; fileRef = E762A2332BFDE5DB009BA621 /* AddNewTrackerScheduleViewController.swift */; };
		E762A2372BFDE6ED009BA621 /* NewTrackerScheduleTableViewCell.swift in Sources */ = {isa = PBXBuildFile; fileRef = E762A2362BFDE6ED009BA621 /* NewTrackerScheduleTableViewCell.swift */; };
		E762A23A2BFDF092009BA621 /* ScheduleViewControllerProtocol.swift in Sources */ = {isa = PBXBuildFile; fileRef = E762A2392BFDF092009BA621 /* ScheduleViewControllerProtocol.swift */; };
		E762A23C2BFE2F12009BA621 /* TrackersViewControllerProtocol.swift in Sources */ = {isa = PBXBuildFile; fileRef = E762A23B2BFE2F12009BA621 /* TrackersViewControllerProtocol.swift */; };
		E762A25F2BFEAB05009BA621 /* CustomCalendarView.swift in Sources */ = {isa = PBXBuildFile; fileRef = E762A25E2BFEAB05009BA621 /* CustomCalendarView.swift */; };
		E762A2612BFEAE76009BA621 /* CalendarDateCell.swift in Sources */ = {isa = PBXBuildFile; fileRef = E762A2602BFEAE76009BA621 /* CalendarDateCell.swift */; };
		E7BF0E422BF25460008C8E09 /* AddNewTrackerViewController.swift in Sources */ = {isa = PBXBuildFile; fileRef = E7BF0E412BF25460008C8E09 /* AddNewTrackerViewController.swift */; };
		E7BF0E442BF25C5B008C8E09 /* CreateHabitViewController.swift in Sources */ = {isa = PBXBuildFile; fileRef = E7BF0E432BF25C5B008C8E09 /* CreateHabitViewController.swift */; };
		E7BF0E482BF2D96F008C8E09 /* CreateHabitTableViewCell.swift in Sources */ = {isa = PBXBuildFile; fileRef = E7BF0E472BF2D96F008C8E09 /* CreateHabitTableViewCell.swift */; };
		E7BF0E4A2BF54915008C8E09 /* EmojiCollectionViewCell.swift in Sources */ = {isa = PBXBuildFile; fileRef = E7BF0E492BF54915008C8E09 /* EmojiCollectionViewCell.swift */; };
		E7BF0E4C2BF552B1008C8E09 /* ColorsCollectionViewCell.swift in Sources */ = {isa = PBXBuildFile; fileRef = E7BF0E4B2BF552B1008C8E09 /* ColorsCollectionViewCell.swift */; };
		E7BF0E542BFAB8D5008C8E09 /* HeaderCollectionView.swift in Sources */ = {isa = PBXBuildFile; fileRef = E7BF0E532BFAB8D5008C8E09 /* HeaderCollectionView.swift */; };
		E7EEAD1C2BE59F1900221B2A /* AppDelegate.swift in Sources */ = {isa = PBXBuildFile; fileRef = E7EEAD1B2BE59F1900221B2A /* AppDelegate.swift */; };
		E7EEAD1E2BE59F1900221B2A /* SceneDelegate.swift in Sources */ = {isa = PBXBuildFile; fileRef = E7EEAD1D2BE59F1900221B2A /* SceneDelegate.swift */; };
		E7EEAD252BE59F1E00221B2A /* Assets.xcassets in Resources */ = {isa = PBXBuildFile; fileRef = E7EEAD242BE59F1E00221B2A /* Assets.xcassets */; };
		E7EEAD282BE59F1E00221B2A /* Base in Resources */ = {isa = PBXBuildFile; fileRef = E7EEAD272BE59F1E00221B2A /* Base */; };
		E7EEAD302BE7BC8900221B2A /* TabBarController.swift in Sources */ = {isa = PBXBuildFile; fileRef = E7EEAD2F2BE7BC8900221B2A /* TabBarController.swift */; };
		E7EEAD322BE7BCE700221B2A /* TrackersViewController.swift in Sources */ = {isa = PBXBuildFile; fileRef = E7EEAD312BE7BCE700221B2A /* TrackersViewController.swift */; };
		E7EEAD342BE7BCF800221B2A /* StatisticsViewController.swift in Sources */ = {isa = PBXBuildFile; fileRef = E7EEAD332BE7BCF800221B2A /* StatisticsViewController.swift */; };
/* End PBXBuildFile section */

/* Begin PBXFileReference section */
		E70A7AB32C076D0400E688AE /* TrackerViewCell.swift */ = {isa = PBXFileReference; lastKnownFileType = sourcecode.swift; path = TrackerViewCell.swift; sourceTree = "<group>"; };
		E70A7AB52C0987A400E688AE /* MainHeaderCollectionView.swift */ = {isa = PBXFileReference; lastKnownFileType = sourcecode.swift; path = MainHeaderCollectionView.swift; sourceTree = "<group>"; };
		E71F9DC72BFD666F003FFFA4 /* AddNewCategoryViewController.swift */ = {isa = PBXFileReference; lastKnownFileType = sourcecode.swift; path = AddNewCategoryViewController.swift; sourceTree = "<group>"; };
		E71F9DC92BFD6A0E003FFFA4 /* CreateCategoryViewController.swift */ = {isa = PBXFileReference; lastKnownFileType = sourcecode.swift; path = CreateCategoryViewController.swift; sourceTree = "<group>"; };
		E7266BC32BFBE7D00022E378 /* Weekday.swift */ = {isa = PBXFileReference; lastKnownFileType = sourcecode.swift; path = Weekday.swift; sourceTree = "<group>"; };
		E73652362BFFF38C0001D8F6 /* CategoryViewControllerProtocol.swift */ = {isa = PBXFileReference; lastKnownFileType = sourcecode.swift; path = CategoryViewControllerProtocol.swift; sourceTree = "<group>"; };
		E73652382C000B3E0001D8F6 /* NewCategoryTableViewCell.swift */ = {isa = PBXFileReference; lastKnownFileType = sourcecode.swift; path = NewCategoryTableViewCell.swift; sourceTree = "<group>"; };
		E736523C2C043AC00001D8F6 /* ScheduleDay.swift */ = {isa = PBXFileReference; lastKnownFileType = sourcecode.swift; path = ScheduleDay.swift; sourceTree = "<group>"; };
		E746406B2BEE9CF80028826D /* Tracker.swift */ = {isa = PBXFileReference; lastKnownFileType = sourcecode.swift; path = Tracker.swift; sourceTree = "<group>"; };
		E746406D2BEE9D070028826D /* TrackerCategory.swift */ = {isa = PBXFileReference; lastKnownFileType = sourcecode.swift; path = TrackerCategory.swift; sourceTree = "<group>"; };
		E746406F2BEE9D140028826D /* TrackerRecord.swift */ = {isa = PBXFileReference; lastKnownFileType = sourcecode.swift; path = TrackerRecord.swift; sourceTree = "<group>"; };
		E74640712BEE9DE60028826D /* TrackerSchedule.swift */ = {isa = PBXFileReference; lastKnownFileType = sourcecode.swift; path = TrackerSchedule.swift; sourceTree = "<group>"; };
		E762A2332BFDE5DB009BA621 /* AddNewTrackerScheduleViewController.swift */ = {isa = PBXFileReference; lastKnownFileType = sourcecode.swift; path = AddNewTrackerScheduleViewController.swift; sourceTree = "<group>"; };
		E762A2362BFDE6ED009BA621 /* NewTrackerScheduleTableViewCell.swift */ = {isa = PBXFileReference; lastKnownFileType = sourcecode.swift; path = NewTrackerScheduleTableViewCell.swift; sourceTree = "<group>"; };
		E762A2392BFDF092009BA621 /* ScheduleViewControllerProtocol.swift */ = {isa = PBXFileReference; lastKnownFileType = sourcecode.swift; path = ScheduleViewControllerProtocol.swift; sourceTree = "<group>"; };
		E762A23B2BFE2F12009BA621 /* TrackersViewControllerProtocol.swift */ = {isa = PBXFileReference; lastKnownFileType = sourcecode.swift; path = TrackersViewControllerProtocol.swift; sourceTree = "<group>"; };
		E762A25E2BFEAB05009BA621 /* CustomCalendarView.swift */ = {isa = PBXFileReference; lastKnownFileType = sourcecode.swift; path = CustomCalendarView.swift; sourceTree = "<group>"; };
		E762A2602BFEAE76009BA621 /* CalendarDateCell.swift */ = {isa = PBXFileReference; lastKnownFileType = sourcecode.swift; path = CalendarDateCell.swift; sourceTree = "<group>"; };
		E7BF0E412BF25460008C8E09 /* AddNewTrackerViewController.swift */ = {isa = PBXFileReference; lastKnownFileType = sourcecode.swift; path = AddNewTrackerViewController.swift; sourceTree = "<group>"; };
		E7BF0E432BF25C5B008C8E09 /* CreateHabitViewController.swift */ = {isa = PBXFileReference; lastKnownFileType = sourcecode.swift; path = CreateHabitViewController.swift; sourceTree = "<group>"; };
		E7BF0E472BF2D96F008C8E09 /* CreateHabitTableViewCell.swift */ = {isa = PBXFileReference; lastKnownFileType = sourcecode.swift; path = CreateHabitTableViewCell.swift; sourceTree = "<group>"; };
		E7BF0E492BF54915008C8E09 /* EmojiCollectionViewCell.swift */ = {isa = PBXFileReference; lastKnownFileType = sourcecode.swift; path = EmojiCollectionViewCell.swift; sourceTree = "<group>"; };
		E7BF0E4B2BF552B1008C8E09 /* ColorsCollectionViewCell.swift */ = {isa = PBXFileReference; lastKnownFileType = sourcecode.swift; path = ColorsCollectionViewCell.swift; sourceTree = "<group>"; };
		E7BF0E532BFAB8D5008C8E09 /* HeaderCollectionView.swift */ = {isa = PBXFileReference; lastKnownFileType = sourcecode.swift; path = HeaderCollectionView.swift; sourceTree = "<group>"; };
		E7EEAD182BE59F1900221B2A /* AllmightTracker.app */ = {isa = PBXFileReference; explicitFileType = wrapper.application; includeInIndex = 0; path = AllmightTracker.app; sourceTree = BUILT_PRODUCTS_DIR; };
		E7EEAD1B2BE59F1900221B2A /* AppDelegate.swift */ = {isa = PBXFileReference; lastKnownFileType = sourcecode.swift; path = AppDelegate.swift; sourceTree = "<group>"; };
		E7EEAD1D2BE59F1900221B2A /* SceneDelegate.swift */ = {isa = PBXFileReference; lastKnownFileType = sourcecode.swift; path = SceneDelegate.swift; sourceTree = "<group>"; };
		E7EEAD242BE59F1E00221B2A /* Assets.xcassets */ = {isa = PBXFileReference; lastKnownFileType = folder.assetcatalog; path = Assets.xcassets; sourceTree = "<group>"; };
		E7EEAD272BE59F1E00221B2A /* Base */ = {isa = PBXFileReference; lastKnownFileType = file.storyboard; name = Base; path = Base.lproj/LaunchScreen.storyboard; sourceTree = "<group>"; };
		E7EEAD292BE59F1E00221B2A /* Info.plist */ = {isa = PBXFileReference; lastKnownFileType = text.plist.xml; path = Info.plist; sourceTree = "<group>"; };
		E7EEAD2F2BE7BC8900221B2A /* TabBarController.swift */ = {isa = PBXFileReference; lastKnownFileType = sourcecode.swift; path = TabBarController.swift; sourceTree = "<group>"; };
		E7EEAD312BE7BCE700221B2A /* TrackersViewController.swift */ = {isa = PBXFileReference; lastKnownFileType = sourcecode.swift; path = TrackersViewController.swift; sourceTree = "<group>"; };
		E7EEAD332BE7BCF800221B2A /* StatisticsViewController.swift */ = {isa = PBXFileReference; lastKnownFileType = sourcecode.swift; path = StatisticsViewController.swift; sourceTree = "<group>"; };
/* End PBXFileReference section */

/* Begin PBXFrameworksBuildPhase section */
		E7EEAD152BE59F1900221B2A /* Frameworks */ = {
			isa = PBXFrameworksBuildPhase;
			buildActionMask = 2147483647;
			files = (
			);
			runOnlyForDeploymentPostprocessing = 0;
		};
/* End PBXFrameworksBuildPhase section */

/* Begin PBXGroup section */
		E71F9DC62BFD663F003FFFA4 /* NewCategory */ = {
			isa = PBXGroup;
			children = (
				E71F9DC72BFD666F003FFFA4 /* AddNewCategoryViewController.swift */,
				E71F9DC92BFD6A0E003FFFA4 /* CreateCategoryViewController.swift */,
				E73652382C000B3E0001D8F6 /* NewCategoryTableViewCell.swift */,
			);
			path = NewCategory;
			sourceTree = "<group>";
		};
		E746406A2BEE9CE70028826D /* Models */ = {
			isa = PBXGroup;
			children = (
				E746406B2BEE9CF80028826D /* Tracker.swift */,
				E746406D2BEE9D070028826D /* TrackerCategory.swift */,
				E746406F2BEE9D140028826D /* TrackerRecord.swift */,
				E74640712BEE9DE60028826D /* TrackerSchedule.swift */,
				E7266BC32BFBE7D00022E378 /* Weekday.swift */,
				E736523C2C043AC00001D8F6 /* ScheduleDay.swift */,
			);
			path = Models;
			sourceTree = "<group>";
		};
		E762A2322BFDE5CD009BA621 /* NewSchedule */ = {
			isa = PBXGroup;
			children = (
				E762A2332BFDE5DB009BA621 /* AddNewTrackerScheduleViewController.swift */,
				E762A2362BFDE6ED009BA621 /* NewTrackerScheduleTableViewCell.swift */,
			);
			path = NewSchedule;
			sourceTree = "<group>";
		};
		E762A2382BFDEFD5009BA621 /* Protocols */ = {
			isa = PBXGroup;
			children = (
				E762A23B2BFE2F12009BA621 /* TrackersViewControllerProtocol.swift */,
				E762A2392BFDF092009BA621 /* ScheduleViewControllerProtocol.swift */,
				E73652362BFFF38C0001D8F6 /* CategoryViewControllerProtocol.swift */,
			);
			path = Protocols;
			sourceTree = "<group>";
		};
		E762A25D2BFEAAD7009BA621 /* CustomCalendarView */ = {
			isa = PBXGroup;
			children = (
				E762A25E2BFEAB05009BA621 /* CustomCalendarView.swift */,
				E762A2602BFEAE76009BA621 /* CalendarDateCell.swift */,
			);
			path = CustomCalendarView;
			sourceTree = "<group>";
		};
		E7BF0E4D2BF82B6C008C8E09 /* Screens */ = {
			isa = PBXGroup;
			children = (
				E7BF0E4F2BF82BA5008C8E09 /* MainScreen(TabBar+Trackers+Stats) */,
				E71F9DC62BFD663F003FFFA4 /* NewCategory */,
				E7BF0E502BF82C0D008C8E09 /* NewEvent */,
				E762A2322BFDE5CD009BA621 /* NewSchedule */,
			);
			path = Screens;
			sourceTree = "<group>";
		};
		E7BF0E4E2BF82B92008C8E09 /* LaunchScreen */ = {
			isa = PBXGroup;
			children = (
				E7EEAD262BE59F1E00221B2A /* LaunchScreen.storyboard */,
			);
			path = LaunchScreen;
			sourceTree = "<group>";
		};
		E7BF0E4F2BF82BA5008C8E09 /* MainScreen(TabBar+Trackers+Stats) */ = {
			isa = PBXGroup;
			children = (
				E7EEAD312BE7BCE700221B2A /* TrackersViewController.swift */,
				E7EEAD332BE7BCF800221B2A /* StatisticsViewController.swift */,
				E7EEAD2F2BE7BC8900221B2A /* TabBarController.swift */,
				E70A7AB32C076D0400E688AE /* TrackerViewCell.swift */,
				E70A7AB52C0987A400E688AE /* MainHeaderCollectionView.swift */,
			);
			path = "MainScreen(TabBar+Trackers+Stats)";
			sourceTree = "<group>";
		};
		E7BF0E502BF82C0D008C8E09 /* NewEvent */ = {
			isa = PBXGroup;
			children = (
				E7BF0E412BF25460008C8E09 /* AddNewTrackerViewController.swift */,
				E7BF0E432BF25C5B008C8E09 /* CreateHabitViewController.swift */,
				E7BF0E532BFAB8D5008C8E09 /* HeaderCollectionView.swift */,
				E7BF0E472BF2D96F008C8E09 /* CreateHabitTableViewCell.swift */,
				E7BF0E492BF54915008C8E09 /* EmojiCollectionViewCell.swift */,
				E7BF0E4B2BF552B1008C8E09 /* ColorsCollectionViewCell.swift */,
			);
			path = NewEvent;
			sourceTree = "<group>";
		};
		E7EEAD0F2BE59F1900221B2A = {
			isa = PBXGroup;
			children = (
				E7EEAD1A2BE59F1900221B2A /* AllmightTracker */,
				E7EEAD192BE59F1900221B2A /* Products */,
			);
			sourceTree = "<group>";
		};
		E7EEAD192BE59F1900221B2A /* Products */ = {
			isa = PBXGroup;
			children = (
				E7EEAD182BE59F1900221B2A /* AllmightTracker.app */,
			);
			name = Products;
			sourceTree = "<group>";
		};
		E7EEAD1A2BE59F1900221B2A /* AllmightTracker */ = {
			isa = PBXGroup;
			children = (
				E762A25D2BFEAAD7009BA621 /* CustomCalendarView */,
				E7EEAD1B2BE59F1900221B2A /* AppDelegate.swift */,
				E7BF0E4E2BF82B92008C8E09 /* LaunchScreen */,
				E746406A2BEE9CE70028826D /* Models */,
				E762A2382BFDEFD5009BA621 /* Protocols */,
				E7BF0E4D2BF82B6C008C8E09 /* Screens */,
				E7EEAD1D2BE59F1900221B2A /* SceneDelegate.swift */,
				E7EEAD242BE59F1E00221B2A /* Assets.xcassets */,
				E7EEAD292BE59F1E00221B2A /* Info.plist */,
			);
			path = AllmightTracker;
			sourceTree = "<group>";
		};
/* End PBXGroup section */

/* Begin PBXNativeTarget section */
		E7EEAD172BE59F1900221B2A /* AllmightTracker */ = {
			isa = PBXNativeTarget;
			buildConfigurationList = E7EEAD2C2BE59F1E00221B2A /* Build configuration list for PBXNativeTarget "AllmightTracker" */;
			buildPhases = (
				E7EEAD142BE59F1900221B2A /* Sources */,
				E7EEAD152BE59F1900221B2A /* Frameworks */,
				E7EEAD162BE59F1900221B2A /* Resources */,
			);
			buildRules = (
			);
			dependencies = (
			);
			name = AllmightTracker;
			productName = AllmightTracker;
			productReference = E7EEAD182BE59F1900221B2A /* AllmightTracker.app */;
			productType = "com.apple.product-type.application";
		};
/* End PBXNativeTarget section */

/* Begin PBXProject section */
		E7EEAD102BE59F1900221B2A /* Project object */ = {
			isa = PBXProject;
			attributes = {
				BuildIndependentTargetsInParallel = 1;
				LastSwiftUpdateCheck = 1530;
				LastUpgradeCheck = 1530;
				TargetAttributes = {
					E7EEAD172BE59F1900221B2A = {
						CreatedOnToolsVersion = 15.3;
					};
				};
			};
			buildConfigurationList = E7EEAD132BE59F1900221B2A /* Build configuration list for PBXProject "AllmightTracker" */;
			compatibilityVersion = "Xcode 14.0";
			developmentRegion = en;
			hasScannedForEncodings = 0;
			knownRegions = (
				en,
				Base,
			);
			mainGroup = E7EEAD0F2BE59F1900221B2A;
			productRefGroup = E7EEAD192BE59F1900221B2A /* Products */;
			projectDirPath = "";
			projectRoot = "";
			targets = (
				E7EEAD172BE59F1900221B2A /* AllmightTracker */,
			);
		};
/* End PBXProject section */

/* Begin PBXResourcesBuildPhase section */
		E7EEAD162BE59F1900221B2A /* Resources */ = {
			isa = PBXResourcesBuildPhase;
			buildActionMask = 2147483647;
			files = (
				E7EEAD252BE59F1E00221B2A /* Assets.xcassets in Resources */,
				E7EEAD282BE59F1E00221B2A /* Base in Resources */,
			);
			runOnlyForDeploymentPostprocessing = 0;
		};
/* End PBXResourcesBuildPhase section */

/* Begin PBXSourcesBuildPhase section */
		E7EEAD142BE59F1900221B2A /* Sources */ = {
			isa = PBXSourcesBuildPhase;
			buildActionMask = 2147483647;
			files = (
				E746406E2BEE9D070028826D /* TrackerCategory.swift in Sources */,
				E74640722BEE9DE60028826D /* TrackerSchedule.swift in Sources */,
				E736523D2C043AC00001D8F6 /* ScheduleDay.swift in Sources */,
				E71F9DCA2BFD6A0E003FFFA4 /* CreateCategoryViewController.swift in Sources */,
				E7266BC42BFBE7D00022E378 /* Weekday.swift in Sources */,
				E762A25F2BFEAB05009BA621 /* CustomCalendarView.swift in Sources */,
				E762A2372BFDE6ED009BA621 /* NewTrackerScheduleTableViewCell.swift in Sources */,
				E7EEAD322BE7BCE700221B2A /* TrackersViewController.swift in Sources */,
				E7BF0E442BF25C5B008C8E09 /* CreateHabitViewController.swift in Sources */,
				E762A23C2BFE2F12009BA621 /* TrackersViewControllerProtocol.swift in Sources */,
				E7EEAD302BE7BC8900221B2A /* TabBarController.swift in Sources */,
				E70A7AB62C0987A400E688AE /* MainHeaderCollectionView.swift in Sources */,
				E762A2612BFEAE76009BA621 /* CalendarDateCell.swift in Sources */,
				E762A23A2BFDF092009BA621 /* ScheduleViewControllerProtocol.swift in Sources */,
				E7BF0E4A2BF54915008C8E09 /* EmojiCollectionViewCell.swift in Sources */,
				E74640702BEE9D140028826D /* TrackerRecord.swift in Sources */,
				E7BF0E4C2BF552B1008C8E09 /* ColorsCollectionViewCell.swift in Sources */,
				E70A7AB42C076D0400E688AE /* TrackerViewCell.swift in Sources */,
				E746406C2BEE9CF80028826D /* Tracker.swift in Sources */,
				E7EEAD342BE7BCF800221B2A /* StatisticsViewController.swift in Sources */,
				E7EEAD1C2BE59F1900221B2A /* AppDelegate.swift in Sources */,
				E73652392C000B3E0001D8F6 /* NewCategoryTableViewCell.swift in Sources */,
				E7BF0E422BF25460008C8E09 /* AddNewTrackerViewController.swift in Sources */,
				E7BF0E542BFAB8D5008C8E09 /* HeaderCollectionView.swift in Sources */,
				E71F9DC82BFD666F003FFFA4 /* AddNewCategoryViewController.swift in Sources */,
				E7EEAD1E2BE59F1900221B2A /* SceneDelegate.swift in Sources */,
				E73652372BFFF38C0001D8F6 /* CategoryViewControllerProtocol.swift in Sources */,
				E7BF0E482BF2D96F008C8E09 /* CreateHabitTableViewCell.swift in Sources */,
				E762A2342BFDE5DB009BA621 /* AddNewTrackerScheduleViewController.swift in Sources */,
			);
			runOnlyForDeploymentPostprocessing = 0;
		};
/* End PBXSourcesBuildPhase section */

/* Begin PBXVariantGroup section */
		E7EEAD262BE59F1E00221B2A /* LaunchScreen.storyboard */ = {
			isa = PBXVariantGroup;
			children = (
				E7EEAD272BE59F1E00221B2A /* Base */,
			);
			name = LaunchScreen.storyboard;
			sourceTree = "<group>";
		};
/* End PBXVariantGroup section */

/* Begin XCBuildConfiguration section */
		E7EEAD2A2BE59F1E00221B2A /* Debug */ = {
			isa = XCBuildConfiguration;
			buildSettings = {
				ALWAYS_SEARCH_USER_PATHS = NO;
				ASSETCATALOG_COMPILER_GENERATE_SWIFT_ASSET_SYMBOL_EXTENSIONS = YES;
				CLANG_ANALYZER_NONNULL = YES;
				CLANG_ANALYZER_NUMBER_OBJECT_CONVERSION = YES_AGGRESSIVE;
				CLANG_CXX_LANGUAGE_STANDARD = "gnu++20";
				CLANG_ENABLE_MODULES = YES;
				CLANG_ENABLE_OBJC_ARC = YES;
				CLANG_ENABLE_OBJC_WEAK = YES;
				CLANG_WARN_BLOCK_CAPTURE_AUTORELEASING = YES;
				CLANG_WARN_BOOL_CONVERSION = YES;
				CLANG_WARN_COMMA = YES;
				CLANG_WARN_CONSTANT_CONVERSION = YES;
				CLANG_WARN_DEPRECATED_OBJC_IMPLEMENTATIONS = YES;
				CLANG_WARN_DIRECT_OBJC_ISA_USAGE = YES_ERROR;
				CLANG_WARN_DOCUMENTATION_COMMENTS = YES;
				CLANG_WARN_EMPTY_BODY = YES;
				CLANG_WARN_ENUM_CONVERSION = YES;
				CLANG_WARN_INFINITE_RECURSION = YES;
				CLANG_WARN_INT_CONVERSION = YES;
				CLANG_WARN_NON_LITERAL_NULL_CONVERSION = YES;
				CLANG_WARN_OBJC_IMPLICIT_RETAIN_SELF = YES;
				CLANG_WARN_OBJC_LITERAL_CONVERSION = YES;
				CLANG_WARN_OBJC_ROOT_CLASS = YES_ERROR;
				CLANG_WARN_QUOTED_INCLUDE_IN_FRAMEWORK_HEADER = YES;
				CLANG_WARN_RANGE_LOOP_ANALYSIS = YES;
				CLANG_WARN_STRICT_PROTOTYPES = YES;
				CLANG_WARN_SUSPICIOUS_MOVE = YES;
				CLANG_WARN_UNGUARDED_AVAILABILITY = YES_AGGRESSIVE;
				CLANG_WARN_UNREACHABLE_CODE = YES;
				CLANG_WARN__DUPLICATE_METHOD_MATCH = YES;
				COPY_PHASE_STRIP = NO;
				DEBUG_INFORMATION_FORMAT = dwarf;
				ENABLE_STRICT_OBJC_MSGSEND = YES;
				ENABLE_TESTABILITY = YES;
				ENABLE_USER_SCRIPT_SANDBOXING = YES;
				GCC_C_LANGUAGE_STANDARD = gnu17;
				GCC_DYNAMIC_NO_PIC = NO;
				GCC_NO_COMMON_BLOCKS = YES;
				GCC_OPTIMIZATION_LEVEL = 0;
				GCC_PREPROCESSOR_DEFINITIONS = (
					"DEBUG=1",
					"$(inherited)",
				);
				GCC_WARN_64_TO_32_BIT_CONVERSION = YES;
				GCC_WARN_ABOUT_RETURN_TYPE = YES_ERROR;
				GCC_WARN_UNDECLARED_SELECTOR = YES;
				GCC_WARN_UNINITIALIZED_AUTOS = YES_AGGRESSIVE;
				GCC_WARN_UNUSED_FUNCTION = YES;
				GCC_WARN_UNUSED_VARIABLE = YES;
				IPHONEOS_DEPLOYMENT_TARGET = 13.4;
				LOCALIZATION_PREFERS_STRING_CATALOGS = YES;
				MTL_ENABLE_DEBUG_INFO = INCLUDE_SOURCE;
				MTL_FAST_MATH = YES;
				ONLY_ACTIVE_ARCH = YES;
				SDKROOT = iphoneos;
				SWIFT_ACTIVE_COMPILATION_CONDITIONS = "DEBUG $(inherited)";
				SWIFT_OPTIMIZATION_LEVEL = "-Onone";
			};
			name = Debug;
		};
		E7EEAD2B2BE59F1E00221B2A /* Release */ = {
			isa = XCBuildConfiguration;
			buildSettings = {
				ALWAYS_SEARCH_USER_PATHS = NO;
				ASSETCATALOG_COMPILER_GENERATE_SWIFT_ASSET_SYMBOL_EXTENSIONS = YES;
				CLANG_ANALYZER_NONNULL = YES;
				CLANG_ANALYZER_NUMBER_OBJECT_CONVERSION = YES_AGGRESSIVE;
				CLANG_CXX_LANGUAGE_STANDARD = "gnu++20";
				CLANG_ENABLE_MODULES = YES;
				CLANG_ENABLE_OBJC_ARC = YES;
				CLANG_ENABLE_OBJC_WEAK = YES;
				CLANG_WARN_BLOCK_CAPTURE_AUTORELEASING = YES;
				CLANG_WARN_BOOL_CONVERSION = YES;
				CLANG_WARN_COMMA = YES;
				CLANG_WARN_CONSTANT_CONVERSION = YES;
				CLANG_WARN_DEPRECATED_OBJC_IMPLEMENTATIONS = YES;
				CLANG_WARN_DIRECT_OBJC_ISA_USAGE = YES_ERROR;
				CLANG_WARN_DOCUMENTATION_COMMENTS = YES;
				CLANG_WARN_EMPTY_BODY = YES;
				CLANG_WARN_ENUM_CONVERSION = YES;
				CLANG_WARN_INFINITE_RECURSION = YES;
				CLANG_WARN_INT_CONVERSION = YES;
				CLANG_WARN_NON_LITERAL_NULL_CONVERSION = YES;
				CLANG_WARN_OBJC_IMPLICIT_RETAIN_SELF = YES;
				CLANG_WARN_OBJC_LITERAL_CONVERSION = YES;
				CLANG_WARN_OBJC_ROOT_CLASS = YES_ERROR;
				CLANG_WARN_QUOTED_INCLUDE_IN_FRAMEWORK_HEADER = YES;
				CLANG_WARN_RANGE_LOOP_ANALYSIS = YES;
				CLANG_WARN_STRICT_PROTOTYPES = YES;
				CLANG_WARN_SUSPICIOUS_MOVE = YES;
				CLANG_WARN_UNGUARDED_AVAILABILITY = YES_AGGRESSIVE;
				CLANG_WARN_UNREACHABLE_CODE = YES;
				CLANG_WARN__DUPLICATE_METHOD_MATCH = YES;
				COPY_PHASE_STRIP = NO;
				DEBUG_INFORMATION_FORMAT = "dwarf-with-dsym";
				ENABLE_NS_ASSERTIONS = NO;
				ENABLE_STRICT_OBJC_MSGSEND = YES;
				ENABLE_USER_SCRIPT_SANDBOXING = YES;
				GCC_C_LANGUAGE_STANDARD = gnu17;
				GCC_NO_COMMON_BLOCKS = YES;
				GCC_WARN_64_TO_32_BIT_CONVERSION = YES;
				GCC_WARN_ABOUT_RETURN_TYPE = YES_ERROR;
				GCC_WARN_UNDECLARED_SELECTOR = YES;
				GCC_WARN_UNINITIALIZED_AUTOS = YES_AGGRESSIVE;
				GCC_WARN_UNUSED_FUNCTION = YES;
				GCC_WARN_UNUSED_VARIABLE = YES;
				IPHONEOS_DEPLOYMENT_TARGET = 13.4;
				LOCALIZATION_PREFERS_STRING_CATALOGS = YES;
				MTL_ENABLE_DEBUG_INFO = NO;
				MTL_FAST_MATH = YES;
				SDKROOT = iphoneos;
				SWIFT_COMPILATION_MODE = wholemodule;
				VALIDATE_PRODUCT = YES;
			};
			name = Release;
		};
		E7EEAD2D2BE59F1E00221B2A /* Debug */ = {
			isa = XCBuildConfiguration;
			buildSettings = {
				ASSETCATALOG_COMPILER_APPICON_NAME = AppIcon;
				ASSETCATALOG_COMPILER_GLOBAL_ACCENT_COLOR_NAME = AccentColor;
				CODE_SIGN_STYLE = Automatic;
				CURRENT_PROJECT_VERSION = 1;
				DEVELOPMENT_TEAM = 4D9A6P6X9K;
				GENERATE_INFOPLIST_FILE = YES;
				INFOPLIST_FILE = AllmightTracker/Info.plist;
				INFOPLIST_KEY_UIApplicationSupportsIndirectInputEvents = YES;
				INFOPLIST_KEY_UILaunchStoryboardName = LaunchScreen;
				INFOPLIST_KEY_UISupportedInterfaceOrientations = "UIInterfaceOrientationPortrait UIInterfaceOrientationPortraitUpsideDown";
				INFOPLIST_KEY_UISupportedInterfaceOrientations_iPad = "UIInterfaceOrientationLandscapeLeft UIInterfaceOrientationLandscapeRight UIInterfaceOrientationPortrait UIInterfaceOrientationPortraitUpsideDown";
				IPHONEOS_DEPLOYMENT_TARGET = 13.4;
				LD_RUNPATH_SEARCH_PATHS = (
					"$(inherited)",
					"@executable_path/Frameworks",
				);
				MARKETING_VERSION = 1.0;
				PRODUCT_BUNDLE_IDENTIFIER = avvinStudio.AllmightTracker;
				PRODUCT_NAME = "$(TARGET_NAME)";
				SUPPORTED_PLATFORMS = "iphoneos iphonesimulator";
				SUPPORTS_MACCATALYST = NO;
				SUPPORTS_MAC_DESIGNED_FOR_IPHONE_IPAD = NO;
				SUPPORTS_XR_DESIGNED_FOR_IPHONE_IPAD = NO;
				SWIFT_EMIT_LOC_STRINGS = YES;
				SWIFT_VERSION = 5.0;
				TARGETED_DEVICE_FAMILY = 1;
			};
			name = Debug;
		};
		E7EEAD2E2BE59F1E00221B2A /* Release */ = {
			isa = XCBuildConfiguration;
			buildSettings = {
				ASSETCATALOG_COMPILER_APPICON_NAME = AppIcon;
				ASSETCATALOG_COMPILER_GLOBAL_ACCENT_COLOR_NAME = AccentColor;
				CODE_SIGN_STYLE = Automatic;
				CURRENT_PROJECT_VERSION = 1;
				DEVELOPMENT_TEAM = 4D9A6P6X9K;
				GENERATE_INFOPLIST_FILE = YES;
				INFOPLIST_FILE = AllmightTracker/Info.plist;
				INFOPLIST_KEY_UIApplicationSupportsIndirectInputEvents = YES;
				INFOPLIST_KEY_UILaunchStoryboardName = LaunchScreen;
				INFOPLIST_KEY_UISupportedInterfaceOrientations = "UIInterfaceOrientationPortrait UIInterfaceOrientationPortraitUpsideDown";
				INFOPLIST_KEY_UISupportedInterfaceOrientations_iPad = "UIInterfaceOrientationLandscapeLeft UIInterfaceOrientationLandscapeRight UIInterfaceOrientationPortrait UIInterfaceOrientationPortraitUpsideDown";
				IPHONEOS_DEPLOYMENT_TARGET = 13.4;
				LD_RUNPATH_SEARCH_PATHS = (
					"$(inherited)",
					"@executable_path/Frameworks",
				);
				MARKETING_VERSION = 1.0;
				PRODUCT_BUNDLE_IDENTIFIER = avvinStudio.AllmightTracker;
				PRODUCT_NAME = "$(TARGET_NAME)";
				SUPPORTED_PLATFORMS = "iphoneos iphonesimulator";
				SUPPORTS_MACCATALYST = NO;
				SUPPORTS_MAC_DESIGNED_FOR_IPHONE_IPAD = NO;
				SUPPORTS_XR_DESIGNED_FOR_IPHONE_IPAD = NO;
				SWIFT_EMIT_LOC_STRINGS = YES;
				SWIFT_VERSION = 5.0;
				TARGETED_DEVICE_FAMILY = 1;
			};
			name = Release;
		};
/* End XCBuildConfiguration section */

/* Begin XCConfigurationList section */
		E7EEAD132BE59F1900221B2A /* Build configuration list for PBXProject "AllmightTracker" */ = {
			isa = XCConfigurationList;
			buildConfigurations = (
				E7EEAD2A2BE59F1E00221B2A /* Debug */,
				E7EEAD2B2BE59F1E00221B2A /* Release */,
			);
			defaultConfigurationIsVisible = 0;
			defaultConfigurationName = Release;
		};
		E7EEAD2C2BE59F1E00221B2A /* Build configuration list for PBXNativeTarget "AllmightTracker" */ = {
			isa = XCConfigurationList;
			buildConfigurations = (
				E7EEAD2D2BE59F1E00221B2A /* Debug */,
				E7EEAD2E2BE59F1E00221B2A /* Release */,
			);
			defaultConfigurationIsVisible = 0;
			defaultConfigurationName = Release;
		};
/* End XCConfigurationList section */
	};
	rootObject = E7EEAD102BE59F1900221B2A /* Project object */;
}
